
Microsoft Visual Studio Solution File, Format Version 12.00
# Visual Studio Version 17
VisualStudioVersion = 17.4.32804.182
MinimumVisualStudioVersion = 10.0.40219.1
Project("{2150E333-8FDC-42A3-9474-1A3956D46DE8}") = "src", "src", "{9C77D57A-2B7F-4607-9775-63D6286050BB}"
EndProject
Project("{9A19103F-16F7-4668-BE54-9A1E7A4F7556}") = "ReceiptGenerator.Domain", "src\ReceiptGenerator.Domain\ReceiptGenerator.Domain.csproj", "{275AC573-029D-463F-867B-70C1A0F46864}"
EndProject
Project("{9A19103F-16F7-4668-BE54-9A1E7A4F7556}") = "ReceiptGenerator.ConsoleUi", "src\ReceiptGenerator.ConsoleUI\ReceiptGenerator.ConsoleUi.csproj", "{3E5D8A27-DA39-44BA-B2CE-AF9B4973378A}"
	ProjectSection(ProjectDependencies) = postProject
		{275AC573-029D-463F-867B-70C1A0F46864} = {275AC573-029D-463F-867B-70C1A0F46864}
	EndProjectSection
EndProject
Project("{2150E333-8FDC-42A3-9474-1A3956D46DE8}") = "Domain", "Domain", "{D7749C7E-B00B-4181-9769-DBF77CA9B405}"
EndProject
Project("{2150E333-8FDC-42A3-9474-1A3956D46DE8}") = "Presentation", "Presentation", "{6FEF7408-0C28-4BD7-8CA0-ED2DED6E16E8}"
EndProject
Project("{2150E333-8FDC-42A3-9474-1A3956D46DE8}") = "Infrastructure", "Infrastructure", "{540527C3-8B99-4E88-8057-75EFDFB90056}"
EndProject
Project("{FAE04EC0-301F-11D3-BF4B-00C04F79EFBC}") = "RecipetGenerator.Infrastructure", "src\RecipetGenerator.Infrastructure\RecipetGenerator.Infrastructure.csproj", "{1410ED3A-3C89-4431-A5A7-250F1AA34084}"
	ProjectSection(ProjectDependencies) = postProject
		{4377FEB4-0322-4B0E-B266-910E95374A3A} = {4377FEB4-0322-4B0E-B266-910E95374A3A}
	EndProjectSection
EndProject
Project("{00D1A9C2-B5F0-4AF3-8072-F6C62B433612}") = "ReceiptGenerator.Persistence", "src\ReceiptGenerator.Persistence\ReceiptGenerator.Persistence.sqlproj", "{4377FEB4-0322-4B0E-B266-910E95374A3A}"
EndProject
Project("{9A19103F-16F7-4668-BE54-9A1E7A4F7556}") = "ReceiptGenerator.Application", "src\ReceiptGenerator.Application\ReceiptGenerator.Application.csproj", "{226D9EC3-07F9-4F46-9D61-3D61CE17A3BB}"
EndProject
Project("{2150E333-8FDC-42A3-9474-1A3956D46DE8}") = "Application", "Application", "{04434B14-61F4-41CD-BCE5-4CDE4838DE5C}"
EndProject
Global
	GlobalSection(SolutionConfigurationPlatforms) = preSolution
		Debug|Any CPU = Debug|Any CPU
		Release|Any CPU = Release|Any CPU
	EndGlobalSection
	GlobalSection(ProjectConfigurationPlatforms) = postSolution
		{275AC573-029D-463F-867B-70C1A0F46864}.Debug|Any CPU.ActiveCfg = Debug|Any CPU
		{275AC573-029D-463F-867B-70C1A0F46864}.Debug|Any CPU.Build.0 = Debug|Any CPU
		{275AC573-029D-463F-867B-70C1A0F46864}.Release|Any CPU.ActiveCfg = Release|Any CPU
		{275AC573-029D-463F-867B-70C1A0F46864}.Release|Any CPU.Build.0 = Release|Any CPU
		{3E5D8A27-DA39-44BA-B2CE-AF9B4973378A}.Debug|Any CPU.ActiveCfg = Debug|Any CPU
		{3E5D8A27-DA39-44BA-B2CE-AF9B4973378A}.Debug|Any CPU.Build.0 = Debug|Any CPU
		{3E5D8A27-DA39-44BA-B2CE-AF9B4973378A}.Release|Any CPU.ActiveCfg = Release|Any CPU
		{3E5D8A27-DA39-44BA-B2CE-AF9B4973378A}.Release|Any CPU.Build.0 = Release|Any CPU
		{1410ED3A-3C89-4431-A5A7-250F1AA34084}.Debug|Any CPU.ActiveCfg = Debug|Any CPU
		{1410ED3A-3C89-4431-A5A7-250F1AA34084}.Debug|Any CPU.Build.0 = Debug|Any CPU
		{1410ED3A-3C89-4431-A5A7-250F1AA34084}.Release|Any CPU.ActiveCfg = Release|Any CPU
		{1410ED3A-3C89-4431-A5A7-250F1AA34084}.Release|Any CPU.Build.0 = Release|Any CPU
		{4377FEB4-0322-4B0E-B266-910E95374A3A}.Debug|Any CPU.ActiveCfg = Debug|Any CPU
		{4377FEB4-0322-4B0E-B266-910E95374A3A}.Debug|Any CPU.Build.0 = Debug|Any CPU
		{4377FEB4-0322-4B0E-B266-910E95374A3A}.Debug|Any CPU.Deploy.0 = Debug|Any CPU
		{4377FEB4-0322-4B0E-B266-910E95374A3A}.Release|Any CPU.ActiveCfg = Release|Any CPU
		{4377FEB4-0322-4B0E-B266-910E95374A3A}.Release|Any CPU.Build.0 = Release|Any CPU
		{4377FEB4-0322-4B0E-B266-910E95374A3A}.Release|Any CPU.Deploy.0 = Release|Any CPU
		{226D9EC3-07F9-4F46-9D61-3D61CE17A3BB}.Debug|Any CPU.ActiveCfg = Debug|Any CPU
		{226D9EC3-07F9-4F46-9D61-3D61CE17A3BB}.Debug|Any CPU.Build.0 = Debug|Any CPU
		{226D9EC3-07F9-4F46-9D61-3D61CE17A3BB}.Release|Any CPU.ActiveCfg = Release|Any CPU
		{226D9EC3-07F9-4F46-9D61-3D61CE17A3BB}.Release|Any CPU.Build.0 = Release|Any CPU
	EndGlobalSection
	GlobalSection(SolutionProperties) = preSolution
		HideSolutionNode = FALSE
	EndGlobalSection
	GlobalSection(NestedProjects) = preSolution
		{275AC573-029D-463F-867B-70C1A0F46864} = {D7749C7E-B00B-4181-9769-DBF77CA9B405}
		{3E5D8A27-DA39-44BA-B2CE-AF9B4973378A} = {6FEF7408-0C28-4BD7-8CA0-ED2DED6E16E8}
		{D7749C7E-B00B-4181-9769-DBF77CA9B405} = {9C77D57A-2B7F-4607-9775-63D6286050BB}
		{6FEF7408-0C28-4BD7-8CA0-ED2DED6E16E8} = {9C77D57A-2B7F-4607-9775-63D6286050BB}
		{540527C3-8B99-4E88-8057-75EFDFB90056} = {9C77D57A-2B7F-4607-9775-63D6286050BB}
		{1410ED3A-3C89-4431-A5A7-250F1AA34084} = {540527C3-8B99-4E88-8057-75EFDFB90056}
		{4377FEB4-0322-4B0E-B266-910E95374A3A} = {540527C3-8B99-4E88-8057-75EFDFB90056}
		{226D9EC3-07F9-4F46-9D61-3D61CE17A3BB} = {04434B14-61F4-41CD-BCE5-4CDE4838DE5C}
		{04434B14-61F4-41CD-BCE5-4CDE4838DE5C} = {9C77D57A-2B7F-4607-9775-63D6286050BB}
	EndGlobalSection
	GlobalSection(ExtensibilityGlobals) = postSolution
		SolutionGuid = {83026D27-9B3F-465E-A5EB-02E6F55D878C}
	EndGlobalSection
EndGlobal
