
Microsoft Visual Studio Solution File, Format Version 12.00
# Visual Studio Version 17
VisualStudioVersion = 17.4.32804.182
MinimumVisualStudioVersion = 10.0.40219.1
Project("{FAE04EC0-301F-11D3-BF4B-00C04F79EFBC}") = "ConsoleUI", "ConsoleUI\ConsoleUI.csproj", "{22CF7AC0-1CC3-47FA-B17D-320D25A9CA58}"
EndProject
Global
	GlobalSection(SolutionConfigurationPlatforms) = preSolution
		Debug|Any CPU = Debug|Any CPU
		Release|Any CPU = Release|Any CPU
	EndGlobalSection
	GlobalSection(ProjectConfigurationPlatforms) = postSolution
		{22CF7AC0-1CC3-47FA-B17D-320D25A9CA58}.Debug|Any CPU.ActiveCfg = Debug|Any CPU
		{22CF7AC0-1CC3-47FA-B17D-320D25A9CA58}.Debug|Any CPU.Build.0 = Debug|Any CPU
		{22CF7AC0-1CC3-47FA-B17D-320D25A9CA58}.Release|Any CPU.ActiveCfg = Release|Any CPU
		{22CF7AC0-1CC3-47FA-B17D-320D25A9CA58}.Release|Any CPU.Build.0 = Release|Any CPU
	EndGlobalSection
	GlobalSection(SolutionProperties) = preSolution
		HideSolutionNode = FALSE
	EndGlobalSection
	GlobalSection(ExtensibilityGlobals) = postSolution
		SolutionGuid = {83026D27-9B3F-465E-A5EB-02E6F55D878C}
	EndGlobalSection
EndGlobal
