
Microsoft Visual Studio Solution File, Format Version 12.00
# Visual Studio Version 17
VisualStudioVersion = 17.4.32804.182
MinimumVisualStudioVersion = 10.0.40219.1
Project("{2150E333-8FDC-42A3-9474-1A3956D46DE8}") = "src", "src", "{9C77D57A-2B7F-4607-9775-63D6286050BB}"
EndProject
Project("{9A19103F-16F7-4668-BE54-9A1E7A4F7556}") = "ReceiptGenerator.Domain", "src\ReceiptGenerator.Domain\ReceiptGenerator.Domain.csproj", "{275AC573-029D-463F-867B-70C1A0F46864}"
EndProject
Project("{9A19103F-16F7-4668-BE54-9A1E7A4F7556}") = "ReceiptGenerator.ConsoleUi", "src\ReceiptGenerator.ConsoleUI\ReceiptGenerator.ConsoleUi.csproj", "{3E5D8A27-DA39-44BA-B2CE-AF9B4973378A}"
	ProjectSection(ProjectDependencies) = postProject
		{275AC573-029D-463F-867B-70C1A0F46864} = {275AC573-029D-463F-867B-70C1A0F46864}
	EndProjectSection
EndProject
Project("{9A19103F-16F7-4668-BE54-9A1E7A4F7556}") = "ReceiptGenerator.Application", "src\Application\ReceiptGenerator.Application.csproj", "{A7727ADB-80FE-467D-BC16-9B18E9DBE19D}"
EndProject
Project("{2150E333-8FDC-42A3-9474-1A3956D46DE8}") = "Application", "Application", "{304F75D8-45D5-418F-80C3-3F4F9E91B0A2}"
EndProject
Project("{2150E333-8FDC-42A3-9474-1A3956D46DE8}") = "Domain", "Domain", "{D7749C7E-B00B-4181-9769-DBF77CA9B405}"
EndProject
Project("{2150E333-8FDC-42A3-9474-1A3956D46DE8}") = "Presentation", "Presentation", "{6FEF7408-0C28-4BD7-8CA0-ED2DED6E16E8}"
EndProject
Project("{2150E333-8FDC-42A3-9474-1A3956D46DE8}") = "Infrastructure", "Infrastructure", "{540527C3-8B99-4E88-8057-75EFDFB90056}"
EndProject
Global
	GlobalSection(SolutionConfigurationPlatforms) = preSolution
		Debug|Any CPU = Debug|Any CPU
		Release|Any CPU = Release|Any CPU
	EndGlobalSection
	GlobalSection(ProjectConfigurationPlatforms) = postSolution
		{275AC573-029D-463F-867B-70C1A0F46864}.Debug|Any CPU.ActiveCfg = Debug|Any CPU
		{275AC573-029D-463F-867B-70C1A0F46864}.Debug|Any CPU.Build.0 = Debug|Any CPU
		{275AC573-029D-463F-867B-70C1A0F46864}.Release|Any CPU.ActiveCfg = Release|Any CPU
		{275AC573-029D-463F-867B-70C1A0F46864}.Release|Any CPU.Build.0 = Release|Any CPU
		{3E5D8A27-DA39-44BA-B2CE-AF9B4973378A}.Debug|Any CPU.ActiveCfg = Debug|Any CPU
		{3E5D8A27-DA39-44BA-B2CE-AF9B4973378A}.Debug|Any CPU.Build.0 = Debug|Any CPU
		{3E5D8A27-DA39-44BA-B2CE-AF9B4973378A}.Release|Any CPU.ActiveCfg = Release|Any CPU
		{3E5D8A27-DA39-44BA-B2CE-AF9B4973378A}.Release|Any CPU.Build.0 = Release|Any CPU
		{A7727ADB-80FE-467D-BC16-9B18E9DBE19D}.Debug|Any CPU.ActiveCfg = Debug|Any CPU
		{A7727ADB-80FE-467D-BC16-9B18E9DBE19D}.Debug|Any CPU.Build.0 = Debug|Any CPU
		{A7727ADB-80FE-467D-BC16-9B18E9DBE19D}.Release|Any CPU.ActiveCfg = Release|Any CPU
		{A7727ADB-80FE-467D-BC16-9B18E9DBE19D}.Release|Any CPU.Build.0 = Release|Any CPU
	EndGlobalSection
	GlobalSection(SolutionProperties) = preSolution
		HideSolutionNode = FALSE
	EndGlobalSection
	GlobalSection(NestedProjects) = preSolution
		{275AC573-029D-463F-867B-70C1A0F46864} = {D7749C7E-B00B-4181-9769-DBF77CA9B405}
		{3E5D8A27-DA39-44BA-B2CE-AF9B4973378A} = {6FEF7408-0C28-4BD7-8CA0-ED2DED6E16E8}
		{A7727ADB-80FE-467D-BC16-9B18E9DBE19D} = {304F75D8-45D5-418F-80C3-3F4F9E91B0A2}
		{304F75D8-45D5-418F-80C3-3F4F9E91B0A2} = {9C77D57A-2B7F-4607-9775-63D6286050BB}
		{D7749C7E-B00B-4181-9769-DBF77CA9B405} = {9C77D57A-2B7F-4607-9775-63D6286050BB}
		{6FEF7408-0C28-4BD7-8CA0-ED2DED6E16E8} = {9C77D57A-2B7F-4607-9775-63D6286050BB}
		{540527C3-8B99-4E88-8057-75EFDFB90056} = {9C77D57A-2B7F-4607-9775-63D6286050BB}
	EndGlobalSection
	GlobalSection(ExtensibilityGlobals) = postSolution
		SolutionGuid = {83026D27-9B3F-465E-A5EB-02E6F55D878C}
	EndGlobalSection
EndGlobal
